
Microsoft Visual Studio Solution File, Format Version 12.00
# Visual Studio Version 16
VisualStudioVersion = 16.0.33214.272
MinimumVisualStudioVersion = 10.0.40219.1
Project("{2150E333-8FDC-42A3-9474-1A3956D46DE8}") = "Applications", "Applications", "{2949A1FB-C9A3-4AA6-A949-691B367C1C6B}"
EndProject
Project("{2150E333-8FDC-42A3-9474-1A3956D46DE8}") = "Libraries", "Libraries", "{FEC905BB-C9D1-4C9A-B232-ADE0AB812584}"
EndProject
Project("{FAE04EC0-301F-11D3-BF4B-00C04F79EFBC}") = "19T1021010.Web", "19T1021010.Web\19T1021010.Web.csproj", "{5C76AEE6-6833-43B3-8E6D-404D45779A2A}"
EndProject
Project("{FAE04EC0-301F-11D3-BF4B-00C04F79EFBC}") = "19T1021010.DomainModels", "19T1021010.DomainModels\19T1021010.DomainModels.csproj", "{E40C762C-4B98-4B41-8CDC-98ACBD6D4B55}"
EndProject
Project("{FAE04EC0-301F-11D3-BF4B-00C04F79EFBC}") = "19T1021010.DataLayers", "19T1021010.DataLayers\19T1021010.DataLayers.csproj", "{ECF8ADAC-5771-4C38-9156-56AC45971CA6}"
EndProject
Project("{FAE04EC0-301F-11D3-BF4B-00C04F79EFBC}") = "19T1021010.BusinessLayers", "19T1021010.BusinessLayers\19T1021010.BusinessLayers.csproj", "{F4124763-9A63-4AB0-AAF4-FF1F7A7D2C19}"
EndProject
Global
	GlobalSection(SolutionConfigurationPlatforms) = preSolution
		Debug|Any CPU = Debug|Any CPU
		Release|Any CPU = Release|Any CPU
	EndGlobalSection
	GlobalSection(ProjectConfigurationPlatforms) = postSolution
		{5C76AEE6-6833-43B3-8E6D-404D45779A2A}.Debug|Any CPU.ActiveCfg = Debug|Any CPU
		{5C76AEE6-6833-43B3-8E6D-404D45779A2A}.Debug|Any CPU.Build.0 = Debug|Any CPU
		{5C76AEE6-6833-43B3-8E6D-404D45779A2A}.Release|Any CPU.ActiveCfg = Release|Any CPU
		{5C76AEE6-6833-43B3-8E6D-404D45779A2A}.Release|Any CPU.Build.0 = Release|Any CPU
		{E40C762C-4B98-4B41-8CDC-98ACBD6D4B55}.Debug|Any CPU.ActiveCfg = Debug|Any CPU
		{E40C762C-4B98-4B41-8CDC-98ACBD6D4B55}.Debug|Any CPU.Build.0 = Debug|Any CPU
		{E40C762C-4B98-4B41-8CDC-98ACBD6D4B55}.Release|Any CPU.ActiveCfg = Release|Any CPU
		{E40C762C-4B98-4B41-8CDC-98ACBD6D4B55}.Release|Any CPU.Build.0 = Release|Any CPU
		{ECF8ADAC-5771-4C38-9156-56AC45971CA6}.Debug|Any CPU.ActiveCfg = Debug|Any CPU
		{ECF8ADAC-5771-4C38-9156-56AC45971CA6}.Debug|Any CPU.Build.0 = Debug|Any CPU
		{ECF8ADAC-5771-4C38-9156-56AC45971CA6}.Release|Any CPU.ActiveCfg = Release|Any CPU
		{ECF8ADAC-5771-4C38-9156-56AC45971CA6}.Release|Any CPU.Build.0 = Release|Any CPU
		{F4124763-9A63-4AB0-AAF4-FF1F7A7D2C19}.Debug|Any CPU.ActiveCfg = Debug|Any CPU
		{F4124763-9A63-4AB0-AAF4-FF1F7A7D2C19}.Debug|Any CPU.Build.0 = Debug|Any CPU
		{F4124763-9A63-4AB0-AAF4-FF1F7A7D2C19}.Release|Any CPU.ActiveCfg = Release|Any CPU
		{F4124763-9A63-4AB0-AAF4-FF1F7A7D2C19}.Release|Any CPU.Build.0 = Release|Any CPU
	EndGlobalSection
	GlobalSection(SolutionProperties) = preSolution
		HideSolutionNode = FALSE
	EndGlobalSection
	GlobalSection(NestedProjects) = preSolution
		{5C76AEE6-6833-43B3-8E6D-404D45779A2A} = {2949A1FB-C9A3-4AA6-A949-691B367C1C6B}
		{E40C762C-4B98-4B41-8CDC-98ACBD6D4B55} = {FEC905BB-C9D1-4C9A-B232-ADE0AB812584}
		{ECF8ADAC-5771-4C38-9156-56AC45971CA6} = {FEC905BB-C9D1-4C9A-B232-ADE0AB812584}
		{F4124763-9A63-4AB0-AAF4-FF1F7A7D2C19} = {FEC905BB-C9D1-4C9A-B232-ADE0AB812584}
	EndGlobalSection
	GlobalSection(ExtensibilityGlobals) = postSolution
		SolutionGuid = {6A1B4BD4-FE8D-498A-A676-512B82E1DDCE}
	EndGlobalSection
EndGlobal
